
Microsoft Visual Studio Solution File, Format Version 12.00
# Visual Studio Version 16
VisualStudioVersion = 16.0.32802.440
MinimumVisualStudioVersion = 10.0.40219.1
Project("{FAE04EC0-301F-11D3-BF4B-00C04F79EFBC}") = "StudentsPerfomanceBL", "StudentsPerfomanceBL\StudentsPerfomanceBL.csproj", "{C385B908-52D8-4933-8C32-C2D6B5B244D1}"
EndProject
Project("{FAE04EC0-301F-11D3-BF4B-00C04F79EFBC}") = "StudentsPerfomaceUI", "StudentsPerfomaceUI\StudentsPerfomaceUI.csproj", "{56BFAC11-6F76-46AE-80DE-E2934A3B7FB8}"
EndProject
Global
	GlobalSection(SolutionConfigurationPlatforms) = preSolution
		Debug|Any CPU = Debug|Any CPU
		Release|Any CPU = Release|Any CPU
	EndGlobalSection
	GlobalSection(ProjectConfigurationPlatforms) = postSolution
		{C385B908-52D8-4933-8C32-C2D6B5B244D1}.Debug|Any CPU.ActiveCfg = Debug|Any CPU
		{C385B908-52D8-4933-8C32-C2D6B5B244D1}.Debug|Any CPU.Build.0 = Debug|Any CPU
		{C385B908-52D8-4933-8C32-C2D6B5B244D1}.Release|Any CPU.ActiveCfg = Release|Any CPU
		{C385B908-52D8-4933-8C32-C2D6B5B244D1}.Release|Any CPU.Build.0 = Release|Any CPU
		{56BFAC11-6F76-46AE-80DE-E2934A3B7FB8}.Debug|Any CPU.ActiveCfg = Debug|Any CPU
		{56BFAC11-6F76-46AE-80DE-E2934A3B7FB8}.Debug|Any CPU.Build.0 = Debug|Any CPU
		{56BFAC11-6F76-46AE-80DE-E2934A3B7FB8}.Release|Any CPU.ActiveCfg = Release|Any CPU
		{56BFAC11-6F76-46AE-80DE-E2934A3B7FB8}.Release|Any CPU.Build.0 = Release|Any CPU
	EndGlobalSection
	GlobalSection(SolutionProperties) = preSolution
		HideSolutionNode = FALSE
	EndGlobalSection
	GlobalSection(ExtensibilityGlobals) = postSolution
		SolutionGuid = {E5B81CF1-4A01-4193-A0FC-8B9383A4C44E}
	EndGlobalSection
EndGlobal
